{
  "name": "mautic-marketplace",
  "lockfileVersion": 3,
  "requires": true,
  "packages": {
    "": {
      "name": "mautic-marketplace",
      "dependencies": {
        "@carbon/pictograms": "^12.72.0",
        "remixicon": "^4.9.1"
      }
    },
    "node_modules/@carbon/pictograms": {
      "version": "12.72.0",
      "resolved": "https://registry.npmjs.org/@carbon/pictograms/-/pictograms-12.72.0.tgz",
      "integrity": "sha512-X72F01xWNZHRubXRSa8DRQWxnPNe5NIEZyNitjV/TUWBajuoHh3NSDtxRdshc2UJM1m8LNVWIIcE/tpp0GKdVg==",
      "hasInstallScript": true,
      "license": "Apache-2.0",
      "dependencies": {
        "@ibm/telemetry-js": "^1.5.0"
      }
    },
    "node_modules/@ibm/telemetry-js": {
      "version": "1.11.0",
      "resolved": "https://registry.npmjs.org/@ibm/telemetry-js/-/telemetry-js-1.11.0.tgz",
      "integrity": "sha512-RO/9j+URJnSfseWg9ZkEX9p+a3Ousd33DBU7rOafoZB08RqdzxFVYJ2/iM50dkBuD0o7WX7GYt1sLbNgCoE+pA==",
      "license": "Apache-2.0",
      "bin": {
        "ibmtelemetry": "dist/collect.js"
      }
    },
    "node_modules/remixicon": {
      "version": "4.9.1",
      "resolved": "https://registry.npmjs.org/remixicon/-/remixicon-4.9.1.tgz",
      "integrity": "sha512-36gLSoujkabnCFZFDyP17VNh9piuBA/rsXUb4auSJWLGsHVXtmxLj/EM5FjaEAGnk8oIAj1Azob/DZ2N+90lAQ==",
      "license": "Apache-2.0"
    }
  }
}
