{
  "name": "mautic-marketplace",
  "lockfileVersion": 3,
  "requires": true,
  "packages": {
    "": {
      "name": "mautic-marketplace",
      "dependencies": {
        "@carbon/pictograms": "^11.0.0"
      }
    },
    "node_modules/@carbon/pictograms": {
      "version": "11.24.6",
      "resolved": "https://registry.npmjs.org/@carbon/pictograms/-/pictograms-11.24.6.tgz",
      "integrity": "sha512-9oMzZ24li1U63B6d5ZCGJpZRdYq/z9sW0J7aBcwageGQ8tgmRTaK2cxvdJwwqMw/DH6vzKMeqy1t5kAhnO3eVA==",
      "hasInstallScript": true,
      "license": "Apache-2.0",
      "dependencies": {
        "@ibm/telemetry-js": "^1.5.0"
      }
    },
    "node_modules/@ibm/telemetry-js": {
      "version": "1.11.0",
      "resolved": "https://registry.npmjs.org/@ibm/telemetry-js/-/telemetry-js-1.11.0.tgz",
      "integrity": "sha512-RO/9j+URJnSfseWg9ZkEX9p+a3Ousd33DBU7rOafoZB08RqdzxFVYJ2/iM50dkBuD0o7WX7GYt1sLbNgCoE+pA==",
      "license": "Apache-2.0",
      "bin": {
        "ibmtelemetry": "dist/collect.js"
      }
    }
  }
}
